
Microsoft Visual Studio Solution File, Format Version 12.00
# Visual Studio 14
VisualStudioVersion = 14.0.25420.1
MinimumVisualStudioVersion = 10.0.40219.1
Project("{2150E333-8FDC-42A3-9474-1A3956D46DE8}") = "src", "src", "{3CF9D0B9-C36D-4036-BE71-ECCE8E3BED7B}"
EndProject
Project("{2150E333-8FDC-42A3-9474-1A3956D46DE8}") = "tests", "tests", "{53BA6421-C7DE-4200-9F2F-745F35F50114}"
EndProject
Project("{8BB2217D-0F2D-49D1-97BC-3654ED321F3B}") = "Chroniton", "src\Chroniton\Chroniton.xproj", "{8702E965-4C7A-43A5-A333-01E66AC8F370}"
EndProject
Project("{8BB2217D-0F2D-49D1-97BC-3654ED321F3B}") = "Chroniton.Tests", "tests\Chroniton.Tests\Chroniton.Tests.xproj", "{E4E103A4-44BB-4480-ADBB-5F7415BBAD68}"
EndProject
Project("{8BB2217D-0F2D-49D1-97BC-3654ED321F3B}") = "Chroniton.LegacyTests", "tests\Chroniton.LegacyTests\Chroniton.LegacyTests.xproj", "{8FDBA7C3-9C87-4116-B256-A06430F34A2D}"
EndProject
Project("{2150E333-8FDC-42A3-9474-1A3956D46DE8}") = "Solution Items", "Solution Items", "{6B6EB507-3B58-47A9-B57D-0E81440AAE3E}"
	ProjectSection(SolutionItems) = preProject
		global.json = global.json
	EndProjectSection
EndProject
Project("{8BB2217D-0F2D-49D1-97BC-3654ED321F3B}") = "TheCollective", "src\TheCollective\TheCollective.xproj", "{CDA489E2-78AD-4283-9566-0C5B9F68E98A}"
EndProject
Project("{2150E333-8FDC-42A3-9474-1A3956D46DE8}") = "samples", "samples", "{EF438BC1-9013-4AF5-93EB-8EF765508107}"
EndProject
Project("{8BB2217D-0F2D-49D1-97BC-3654ED321F3B}") = "ConsoleWritingJob", "samples\ConsoleWritingJob\ConsoleWritingJob.xproj", "{D4A5A7E2-5B97-4E32-8D7A-445230939915}"
EndProject
Project("{8BB2217D-0F2D-49D1-97BC-3654ED321F3B}") = "SimpleParameterized", "samples\SimpleParameterized\SimpleParameterized.xproj", "{DD0733F3-06E3-4DBA-BB68-F39866695C2F}"
EndProject
Global
	GlobalSection(SolutionConfigurationPlatforms) = preSolution
		Debug|Any CPU = Debug|Any CPU
		Debug|x86 = Debug|x86
		Release|Any CPU = Release|Any CPU
		Release|x86 = Release|x86
	EndGlobalSection
	GlobalSection(ProjectConfigurationPlatforms) = postSolution
		{8702E965-4C7A-43A5-A333-01E66AC8F370}.Debug|Any CPU.ActiveCfg = Debug|Any CPU
		{8702E965-4C7A-43A5-A333-01E66AC8F370}.Debug|Any CPU.Build.0 = Debug|Any CPU
		{8702E965-4C7A-43A5-A333-01E66AC8F370}.Debug|x86.ActiveCfg = Debug|Any CPU
		{8702E965-4C7A-43A5-A333-01E66AC8F370}.Debug|x86.Build.0 = Debug|Any CPU
		{8702E965-4C7A-43A5-A333-01E66AC8F370}.Release|Any CPU.ActiveCfg = Release|Any CPU
		{8702E965-4C7A-43A5-A333-01E66AC8F370}.Release|Any CPU.Build.0 = Release|Any CPU
		{8702E965-4C7A-43A5-A333-01E66AC8F370}.Release|x86.ActiveCfg = Release|Any CPU
		{8702E965-4C7A-43A5-A333-01E66AC8F370}.Release|x86.Build.0 = Release|Any CPU
		{E4E103A4-44BB-4480-ADBB-5F7415BBAD68}.Debug|Any CPU.ActiveCfg = Debug|Any CPU
		{E4E103A4-44BB-4480-ADBB-5F7415BBAD68}.Debug|Any CPU.Build.0 = Debug|Any CPU
		{E4E103A4-44BB-4480-ADBB-5F7415BBAD68}.Debug|x86.ActiveCfg = Debug|Any CPU
		{E4E103A4-44BB-4480-ADBB-5F7415BBAD68}.Debug|x86.Build.0 = Debug|Any CPU
		{E4E103A4-44BB-4480-ADBB-5F7415BBAD68}.Release|Any CPU.ActiveCfg = Release|Any CPU
		{E4E103A4-44BB-4480-ADBB-5F7415BBAD68}.Release|Any CPU.Build.0 = Release|Any CPU
		{E4E103A4-44BB-4480-ADBB-5F7415BBAD68}.Release|x86.ActiveCfg = Release|Any CPU
		{E4E103A4-44BB-4480-ADBB-5F7415BBAD68}.Release|x86.Build.0 = Release|Any CPU
		{8FDBA7C3-9C87-4116-B256-A06430F34A2D}.Debug|Any CPU.ActiveCfg = Debug|Any CPU
		{8FDBA7C3-9C87-4116-B256-A06430F34A2D}.Debug|Any CPU.Build.0 = Debug|Any CPU
		{8FDBA7C3-9C87-4116-B256-A06430F34A2D}.Debug|x86.ActiveCfg = Debug|Any CPU
		{8FDBA7C3-9C87-4116-B256-A06430F34A2D}.Debug|x86.Build.0 = Debug|Any CPU
		{8FDBA7C3-9C87-4116-B256-A06430F34A2D}.Release|Any CPU.ActiveCfg = Release|Any CPU
		{8FDBA7C3-9C87-4116-B256-A06430F34A2D}.Release|Any CPU.Build.0 = Release|Any CPU
		{8FDBA7C3-9C87-4116-B256-A06430F34A2D}.Release|x86.ActiveCfg = Release|Any CPU
		{8FDBA7C3-9C87-4116-B256-A06430F34A2D}.Release|x86.Build.0 = Release|Any CPU
		{CDA489E2-78AD-4283-9566-0C5B9F68E98A}.Debug|Any CPU.ActiveCfg = Debug|Any CPU
		{CDA489E2-78AD-4283-9566-0C5B9F68E98A}.Debug|Any CPU.Build.0 = Debug|Any CPU
		{CDA489E2-78AD-4283-9566-0C5B9F68E98A}.Debug|x86.ActiveCfg = Debug|Any CPU
		{CDA489E2-78AD-4283-9566-0C5B9F68E98A}.Debug|x86.Build.0 = Debug|Any CPU
		{CDA489E2-78AD-4283-9566-0C5B9F68E98A}.Release|Any CPU.ActiveCfg = Release|Any CPU
		{CDA489E2-78AD-4283-9566-0C5B9F68E98A}.Release|Any CPU.Build.0 = Release|Any CPU
		{CDA489E2-78AD-4283-9566-0C5B9F68E98A}.Release|x86.ActiveCfg = Release|Any CPU
		{CDA489E2-78AD-4283-9566-0C5B9F68E98A}.Release|x86.Build.0 = Release|Any CPU
		{D4A5A7E2-5B97-4E32-8D7A-445230939915}.Debug|Any CPU.ActiveCfg = Debug|Any CPU
		{D4A5A7E2-5B97-4E32-8D7A-445230939915}.Debug|Any CPU.Build.0 = Debug|Any CPU
		{D4A5A7E2-5B97-4E32-8D7A-445230939915}.Debug|x86.ActiveCfg = Debug|Any CPU
		{D4A5A7E2-5B97-4E32-8D7A-445230939915}.Debug|x86.Build.0 = Debug|Any CPU
		{D4A5A7E2-5B97-4E32-8D7A-445230939915}.Release|Any CPU.ActiveCfg = Release|Any CPU
		{D4A5A7E2-5B97-4E32-8D7A-445230939915}.Release|Any CPU.Build.0 = Release|Any CPU
		{D4A5A7E2-5B97-4E32-8D7A-445230939915}.Release|x86.ActiveCfg = Release|Any CPU
		{D4A5A7E2-5B97-4E32-8D7A-445230939915}.Release|x86.Build.0 = Release|Any CPU
		{DD0733F3-06E3-4DBA-BB68-F39866695C2F}.Debug|Any CPU.ActiveCfg = Debug|Any CPU
		{DD0733F3-06E3-4DBA-BB68-F39866695C2F}.Debug|Any CPU.Build.0 = Debug|Any CPU
		{DD0733F3-06E3-4DBA-BB68-F39866695C2F}.Debug|x86.ActiveCfg = Debug|Any CPU
		{DD0733F3-06E3-4DBA-BB68-F39866695C2F}.Debug|x86.Build.0 = Debug|Any CPU
		{DD0733F3-06E3-4DBA-BB68-F39866695C2F}.Release|Any CPU.ActiveCfg = Release|Any CPU
		{DD0733F3-06E3-4DBA-BB68-F39866695C2F}.Release|Any CPU.Build.0 = Release|Any CPU
		{DD0733F3-06E3-4DBA-BB68-F39866695C2F}.Release|x86.ActiveCfg = Release|Any CPU
		{DD0733F3-06E3-4DBA-BB68-F39866695C2F}.Release|x86.Build.0 = Release|Any CPU
	EndGlobalSection
	GlobalSection(SolutionProperties) = preSolution
		HideSolutionNode = FALSE
	EndGlobalSection
	GlobalSection(NestedProjects) = preSolution
		{8702E965-4C7A-43A5-A333-01E66AC8F370} = {3CF9D0B9-C36D-4036-BE71-ECCE8E3BED7B}
		{E4E103A4-44BB-4480-ADBB-5F7415BBAD68} = {53BA6421-C7DE-4200-9F2F-745F35F50114}
		{8FDBA7C3-9C87-4116-B256-A06430F34A2D} = {53BA6421-C7DE-4200-9F2F-745F35F50114}
		{CDA489E2-78AD-4283-9566-0C5B9F68E98A} = {3CF9D0B9-C36D-4036-BE71-ECCE8E3BED7B}
		{D4A5A7E2-5B97-4E32-8D7A-445230939915} = {EF438BC1-9013-4AF5-93EB-8EF765508107}
		{DD0733F3-06E3-4DBA-BB68-F39866695C2F} = {EF438BC1-9013-4AF5-93EB-8EF765508107}
	EndGlobalSection
EndGlobal
